
Microsoft Visual Studio Solution File, Format Version 12.00
# Visual Studio Version 16
VisualStudioVersion = 16.0.30413.136
MinimumVisualStudioVersion = 10.0.40219.1
Project("{FAE04EC0-301F-11D3-BF4B-00C04F79EFBC}") = "BTL-LTTQ2", "BTL-LTTQ2\BTL-LTTQ2.csproj", "{C9790719-A1B7-49B5-84A1-D3EBA19F4057}"
EndProject
Global
	GlobalSection(SolutionConfigurationPlatforms) = preSolution
		Debug|Any CPU = Debug|Any CPU
		Release|Any CPU = Release|Any CPU
	EndGlobalSection
	GlobalSection(ProjectConfigurationPlatforms) = postSolution
		{C9790719-A1B7-49B5-84A1-D3EBA19F4057}.Debug|Any CPU.ActiveCfg = Debug|Any CPU
		{C9790719-A1B7-49B5-84A1-D3EBA19F4057}.Debug|Any CPU.Build.0 = Debug|Any CPU
		{C9790719-A1B7-49B5-84A1-D3EBA19F4057}.Release|Any CPU.ActiveCfg = Release|Any CPU
		{C9790719-A1B7-49B5-84A1-D3EBA19F4057}.Release|Any CPU.Build.0 = Release|Any CPU
	EndGlobalSection
	GlobalSection(SolutionProperties) = preSolution
		HideSolutionNode = FALSE
	EndGlobalSection
	GlobalSection(ExtensibilityGlobals) = postSolution
		SolutionGuid = {CA5578A3-B5E7-4B48-AF31-C3DF174A6701}
	EndGlobalSection
EndGlobal
